github.com/VividCortex/ewma v1.1.1 h1:MnEK4VOv6n0RSY4vtRe3h11qjxL3+t0B8yOL8iMXdcM=
github.com/VividCortex/ewma v1.1.1/go.mod h1:2Tkkvm3sRDVXaiyucHiACn4cqf7DpdyLvmxzcbUokwA=
github.com/cheggaaa/pb/v3 v3.0.8 h1:bC8oemdChbke2FHIIGy9mn4DPJ2caZYQnfbRqwmdCoA=
github.com/cheggaaa/pb/v3 v3.0.8/go.mod h1:UICbiLec/XO6Hw6k+BHEtHeQFzzBH4i2/qk/ow1EJTA=
github.com/dustin/go-humanize v1.0.0 h1:VSnTsYCnlFHaM2/igO1h6X3HA71jcobQuxemgkq4zYo=
github.com/dustin/go-humanize v1.0.0/go.mod h1:HtrtbFcZ19U5GC7JDqmcUSB87Iq5E25KnS6fMYU6eOk=
github.com/fatih/color v1.10.0 h1:s36xzo75JdqLaaWoiEHk767eHiwo0598uUxyfiPkDsg=
github.com/fatih/color v1.10.0/go.mod h1:ELkj/draVOlAH/xkhN6mQ50Qd0MPOk5AAr3maGEBuJM=
github.com/go-ole/go-ole v1.2.6 h1:/Fpf6oFPoeFik9ty7siob0G6Ke8QvQEuVcuChpwXzpY=
github.com/go-ole/go-ole v1.2.6/go.mod h1:pprOEPIfldk/42T2oK7lQ4v4JSDwmV0As9GaiUsvbm0=
github.com/gorilla/mux v1.8.0 h1:i40aqfkR1h2SlN9hojwV5ZA91wcXFOvkdNIeFDP5koI=
github.com/gorilla/mux v1.8.0/go.mod h1:DVbg23sWSpFRCP0SfiEN6jmj59UnW/n46BH5rLB71So=
github.com/iancoleman/strcase v0.2.0 h1:05I4QRnGpI0m37iZQRuskXh+w77mr6Z41lwQzuHLwW0=
github.com/iancoleman/strcase v0.2.0/go.mod h1:iwCmte+B7n89clKwxIoIXy/HfoL7AsD47ZCWhYzw7ho=
github.com/mattn/go-colorable v0.1.8 h1:c1ghPdyEDarC70ftn0y+A/Ee++9zz8ljHG1b13eJ0s8=
github.com/mattn/go-colorable v0.1.8/go.mod h1:u6P/XSegPjTcexA+o6vUJrdnUu04hMope9wVRipJSqc=
github.com/mattn/go-isatty v0.0.12 h1:wuysRhFDzyxgEmMf5xjvJ2M9dZoWAXNNr5LSBS7uHXY=
github.com/mattn/go-isatty v0.0.12/go.mod h1:cbi8OIDigv2wuxKPP5vlRcQ1OAZbq2CE4Kysco4FUpU=
github.com/mattn/go-runewidth v0.0.12 h1:Y41i/hVW3Pgwr8gV+J23B9YEY0zxjptBuCWEaxmAOow=
github.com/mattn/go-runewidth v0.0.12/go.mod h1:RAqKPSqVFrSLVXbA8x7dzmKdmGzieGRCM46jaSJTDAk=
github.com/pkg/profile v1.6.0 h1:hUDfIISABYI59DyeB3OTay/HxSRwTQ8rB/H83k6r5dM=
github.com/pkg/profile v1.6.0/go.mod h1:qBsxPvzyUincmltOk6iyRVxHYg4adc0OFOv72ZdLa18=
github.com/rivo/uniseg v0.1.0/go.mod h1:J6wj4VEh+S6ZtnVlnTBMWIodfgj8LQOQFoIToxlJtxc=
github.com/rivo/uniseg v0.2.0 h1:S1pD9weZBuJdFmowNwbpi7BJ8TNftyUImj/0WQi72jY=
github.com/rivo/uniseg v0.2.0/go.mod h1:J6wj4VEh+S6ZtnVlnTBMWIodfgj8LQOQFoIToxlJtxc=
github.com/shirou/gopsutil v3.21.11+incompatible h1:+1+c1VGhc88SSonWP6foOcLhvnKlUeu/erjjvaPEYiI=
github.com/shirou/gopsutil v3.21.11+incompatible/go.mod h1:5b4v6he4MtMOwMlS0TUMTu2PcXUg8+E1lC7eC3UO/RA=
github.com/yusufpapurcu/wmi v1.2.2 h1:KBNDSne4vP5mbSWnJbO+51IMOXJB67QiYCSBrubbPRg=
github.com/yusufpapurcu/wmi v1.2.2/go.mod h1:SBZ9tNy3G9/m5Oi98Zks0QjeHVDvuK0qfxQmPyzfmi0=
golang.org/x/exp v0.0.0-20220428152302-39d4317da171 h1:TfdoLivD44QwvssI9Sv1xwa5DcL5XQr4au4sZ2F2NV4=
golang.org/x/exp v0.0.0-20220428152302-39d4317da171/go.mod h1:lgLbSvA5ygNOMpwM/9anMpWVlVJ7Z+cHWq/eFuinpGE=
golang.org/x/image v0.0.0-20220413100746-70e8d0d3baa9 h1:LRtI4W37N+KFebI/qV0OFiLUv4GLOWeEW5hn/KEJvxE=
golang.org/x/image v0.0.0-20220413100746-70e8d0d3baa9/go.mod h1:023OzeP/+EPmXeapQh35lcL3II3LrY8Ic+EFFKVhULM=
golang.org/x/sys v0.0.0-20190916202348-b4ddaad3f8a3/go.mod h1:h1NjWce9XRLGQEsW7wpKNCjG9DtNlClVuFLEZdDNbEs=
golang.org/x/sys v0.0.0-20200116001909-b77594299b42/go.mod h1:h1NjWce9XRLGQEsW7wpKNCjG9DtNlClVuFLEZdDNbEs=
golang.org/x/sys v0.0.0-20200223170610-d5e6a3e2c0ae/go.mod h1:h1NjWce9XRLGQEsW7wpKNCjG9DtNlClVuFLEZdDNbEs=
golang.org/x/sys v0.0.0-20210403161142-5e06dd20ab57/go.mod h1:h1NjWce9XRLGQEsW7wpKNCjG9DtNlClVuFLEZdDNbEs=
golang.org/x/sys v0.0.0-20220422013727-9388b58f7150 h1:xHms4gcpe1YE7A3yIllJXP16CMAGuqwO2lX1mTyyRRc=
golang.org/x/sys v0.0.0-20220422013727-9388b58f7150/go.mod h1:oPkhp1MJrh7nUepCBck5+mAzfO9JrbApNNgaTdGDITg=
golang.org/x/text v0.3.6/go.mod h1:5Zoc/QRtKVWzQhOtBMvqHzDpF6irO9z98xDceosuGiQ=
golang.org/x/tools v0.0.0-20180917221912-90fa682c2a6e/go.mod h1:n7NCudcB/nEzxVGmLbDWY5pfWTLqBcC2KZ6jyYvM4mQ=
